
Microsoft Visual Studio Solution File, Format Version 12.00
# Visual Studio Version 16
VisualStudioVersion = 16.0.30320.27
MinimumVisualStudioVersion = 10.0.40219.1
Project("{FAE04EC0-301F-11D3-BF4B-00C04F79EFBC}") = "FIT5032Task2", "FIT5032Task2\FIT5032Task2.csproj", "{05C10190-87CC-4AE4-884D-AD249B0051ED}"
EndProject
Global
	GlobalSection(SolutionConfigurationPlatforms) = preSolution
		Debug|Any CPU = Debug|Any CPU
		Release|Any CPU = Release|Any CPU
	EndGlobalSection
	GlobalSection(ProjectConfigurationPlatforms) = postSolution
		{05C10190-87CC-4AE4-884D-AD249B0051ED}.Debug|Any CPU.ActiveCfg = Debug|Any CPU
		{05C10190-87CC-4AE4-884D-AD249B0051ED}.Debug|Any CPU.Build.0 = Debug|Any CPU
		{05C10190-87CC-4AE4-884D-AD249B0051ED}.Release|Any CPU.ActiveCfg = Release|Any CPU
		{05C10190-87CC-4AE4-884D-AD249B0051ED}.Release|Any CPU.Build.0 = Release|Any CPU
	EndGlobalSection
	GlobalSection(SolutionProperties) = preSolution
		HideSolutionNode = FALSE
	EndGlobalSection
	GlobalSection(ExtensibilityGlobals) = postSolution
		SolutionGuid = {D6AA8B9A-770A-419E-B701-C2DFEF9BACB4}
	EndGlobalSection
EndGlobal
